
Microsoft Visual Studio Solution File, Format Version 12.00
# Visual Studio Version 17
VisualStudioVersion = 17.5.33530.505
MinimumVisualStudioVersion = 10.0.40219.1
Project("{FAE04EC0-301F-11D3-BF4B-00C04F79EFBC}") = "Molla", "Molla\Molla.csproj", "{225F17A1-3943-41F7-8FD2-174D8AFAE8BE}"
EndProject
Global
	GlobalSection(SolutionConfigurationPlatforms) = preSolution
		Debug|Any CPU = Debug|Any CPU
		Release|Any CPU = Release|Any CPU
	EndGlobalSection
	GlobalSection(ProjectConfigurationPlatforms) = postSolution
		{225F17A1-3943-41F7-8FD2-174D8AFAE8BE}.Debug|Any CPU.ActiveCfg = Debug|Any CPU
		{225F17A1-3943-41F7-8FD2-174D8AFAE8BE}.Debug|Any CPU.Build.0 = Debug|Any CPU
		{225F17A1-3943-41F7-8FD2-174D8AFAE8BE}.Release|Any CPU.ActiveCfg = Release|Any CPU
		{225F17A1-3943-41F7-8FD2-174D8AFAE8BE}.Release|Any CPU.Build.0 = Release|Any CPU
	EndGlobalSection
	GlobalSection(SolutionProperties) = preSolution
		HideSolutionNode = FALSE
	EndGlobalSection
	GlobalSection(ExtensibilityGlobals) = postSolution
		SolutionGuid = {72858972-C5AB-4519-929C-1B6C6BFB4501}
	EndGlobalSection
EndGlobal
